
Microsoft Visual Studio Solution File, Format Version 12.00
# Visual Studio Version 17
VisualStudioVersion = 17.0.31903.59
MinimumVisualStudioVersion = 10.0.40219.1
Project("{2150E333-8FDC-42A3-9474-1A3956D46DE8}") = "OOP", "OOP", "{EE12D9D1-53E5-4CD0-A8DE-E31CAD82089E}"
EndProject
Project("{2150E333-8FDC-42A3-9474-1A3956D46DE8}") = "CSHARP", "CSHARP", "{49B0E53F-5295-44B3-8582-6CFD0BF17F4C}"
EndProject
Project("{8BC9CEB8-8B4A-11D0-8D11-00A0C91BC942}") = "oop2", "OOP\oop2\oop2.vcxproj", "{0F1A373C-2115-4538-BFC3-A9F3B8F01EF3}"
EndProject
Project("{8BC9CEB8-8B4A-11D0-8D11-00A0C91BC942}") = "oop1", "OOP\oop1\oop1.vcxproj", "{400176D5-D2AF-4EE2-AAFE-8A079AE43420}"
EndProject
Project("{9A19103F-16F7-4668-BE54-9A1E7A4F7556}") = "oop1cs", "OOP\oop1cs\oop1cs.csproj", "{2FB08133-706E-4C88-A1CE-628096F8DA4D}"
EndProject
Project("{9A19103F-16F7-4668-BE54-9A1E7A4F7556}") = "laba1", "CSHARP\laba1\laba1.csproj", "{9FF87C56-5C41-4F42-A4F7-D169E3B8049A}"
EndProject
Project("{9A19103F-16F7-4668-BE54-9A1E7A4F7556}") = "laba2", "CSHARP\laba2\laba2.csproj", "{7FFB6BB0-67D2-42AA-B28D-1441314E4C02}"
EndProject
Project("{9A19103F-16F7-4668-BE54-9A1E7A4F7556}") = "laba3", "CSHARP\laba3\laba3.csproj", "{5AC6260A-99C3-4656-9E80-3D8F372C4F67}"
EndProject
Project("{9A19103F-16F7-4668-BE54-9A1E7A4F7556}") = "laba4", "CSHARP\laba4\laba4.csproj", "{9B7E12CB-2ACD-449F-A310-CCE0511CF52A}"
EndProject
Project("{9A19103F-16F7-4668-BE54-9A1E7A4F7556}") = "laba5-1", "CSHARP\laba5-1\laba5-1.csproj", "{51C33FB5-9862-490D-946C-C0EA03D9C4E3}"
EndProject
Project("{8BC9CEB8-8B4A-11D0-8D11-00A0C91BC942}") = "oop3", "OOP\oop3\oop3.vcxproj", "{09117AB2-BCEC-461A-9A6D-CC571BCB02EA}"
EndProject
Project("{8BC9CEB8-8B4A-11D0-8D11-00A0C91BC942}") = "oop4", "OOP\oop4\oop4.vcxproj", "{EDAE93AC-7624-475B-AD14-BD4B89C5D24F}"
EndProject
Project("{8BC9CEB8-8B4A-11D0-8D11-00A0C91BC942}") = "oop5", "OOP\oop5\oop5.vcxproj", "{C690BD86-9DD3-4EFC-9887-781009C86186}"
EndProject
Project("{8BC9CEB8-8B4A-11D0-8D11-00A0C91BC942}") = "oop6", "OOP\oop6\oop6.vcxproj", "{C07AD658-92A5-450C-8DFF-629F2B4FDFB3}"
EndProject
Project("{2150E333-8FDC-42A3-9474-1A3956D46DE8}") = "laba5-2", "laba5-2", "{D5ACDAC8-EE15-44ED-B61E-ABCC673D1334}"
EndProject
Project("{9A19103F-16F7-4668-BE54-9A1E7A4F7556}") = "matrix", "CSHARP\laba5-2\matrix\matrix.csproj", "{4787ACC2-F26D-47EB-9ED1-525A6D76DFC0}"
EndProject
Project("{8BC9CEB8-8B4A-11D0-8D11-00A0C91BC942}") = "matrixdll", "CSHARP\laba5-2\matrixdll\matrixdll.vcxproj", "{6AF93B64-126F-40D3-AF7E-3CCE642EB460}"
EndProject
Project("{8BC9CEB8-8B4A-11D0-8D11-00A0C91BC942}") = "oop7", "OOP\oop7\oop7.vcxproj", "{9E02AFC0-B32C-406B-BD47-891999BFA021}"
EndProject
Global
	GlobalSection(SolutionConfigurationPlatforms) = preSolution
		Debug|Any CPU = Debug|Any CPU
		Debug|x64 = Debug|x64
		Debug|x86 = Debug|x86
		Release|Any CPU = Release|Any CPU
		Release|x64 = Release|x64
		Release|x86 = Release|x86
	EndGlobalSection
	GlobalSection(ProjectConfigurationPlatforms) = postSolution
		{0F1A373C-2115-4538-BFC3-A9F3B8F01EF3}.Debug|Any CPU.ActiveCfg = Debug|Win32
		{0F1A373C-2115-4538-BFC3-A9F3B8F01EF3}.Debug|x64.ActiveCfg = Debug|x64
		{0F1A373C-2115-4538-BFC3-A9F3B8F01EF3}.Debug|x64.Build.0 = Debug|x64
		{0F1A373C-2115-4538-BFC3-A9F3B8F01EF3}.Debug|x86.ActiveCfg = Debug|Win32
		{0F1A373C-2115-4538-BFC3-A9F3B8F01EF3}.Debug|x86.Build.0 = Debug|Win32
		{0F1A373C-2115-4538-BFC3-A9F3B8F01EF3}.Release|Any CPU.ActiveCfg = Release|Win32
		{0F1A373C-2115-4538-BFC3-A9F3B8F01EF3}.Release|x64.ActiveCfg = Release|x64
		{0F1A373C-2115-4538-BFC3-A9F3B8F01EF3}.Release|x64.Build.0 = Release|x64
		{0F1A373C-2115-4538-BFC3-A9F3B8F01EF3}.Release|x86.ActiveCfg = Release|Win32
		{0F1A373C-2115-4538-BFC3-A9F3B8F01EF3}.Release|x86.Build.0 = Release|Win32
		{400176D5-D2AF-4EE2-AAFE-8A079AE43420}.Debug|Any CPU.ActiveCfg = Debug|Win32
		{400176D5-D2AF-4EE2-AAFE-8A079AE43420}.Debug|x64.ActiveCfg = Debug|x64
		{400176D5-D2AF-4EE2-AAFE-8A079AE43420}.Debug|x64.Build.0 = Debug|x64
		{400176D5-D2AF-4EE2-AAFE-8A079AE43420}.Debug|x86.ActiveCfg = Debug|Win32
		{400176D5-D2AF-4EE2-AAFE-8A079AE43420}.Debug|x86.Build.0 = Debug|Win32
		{400176D5-D2AF-4EE2-AAFE-8A079AE43420}.Release|Any CPU.ActiveCfg = Release|Win32
		{400176D5-D2AF-4EE2-AAFE-8A079AE43420}.Release|x64.ActiveCfg = Release|x64
		{400176D5-D2AF-4EE2-AAFE-8A079AE43420}.Release|x64.Build.0 = Release|x64
		{400176D5-D2AF-4EE2-AAFE-8A079AE43420}.Release|x86.ActiveCfg = Release|Win32
		{400176D5-D2AF-4EE2-AAFE-8A079AE43420}.Release|x86.Build.0 = Release|Win32
		{2FB08133-706E-4C88-A1CE-628096F8DA4D}.Debug|Any CPU.ActiveCfg = Debug|Any CPU
		{2FB08133-706E-4C88-A1CE-628096F8DA4D}.Debug|x64.ActiveCfg = Debug|Any CPU
		{2FB08133-706E-4C88-A1CE-628096F8DA4D}.Debug|x64.Build.0 = Debug|Any CPU
		{2FB08133-706E-4C88-A1CE-628096F8DA4D}.Debug|x86.ActiveCfg = Debug|Any CPU
		{2FB08133-706E-4C88-A1CE-628096F8DA4D}.Debug|x86.Build.0 = Debug|Any CPU
		{2FB08133-706E-4C88-A1CE-628096F8DA4D}.Release|Any CPU.ActiveCfg = Release|Any CPU
		{2FB08133-706E-4C88-A1CE-628096F8DA4D}.Release|Any CPU.Build.0 = Release|Any CPU
		{2FB08133-706E-4C88-A1CE-628096F8DA4D}.Release|x64.ActiveCfg = Release|Any CPU
		{2FB08133-706E-4C88-A1CE-628096F8DA4D}.Release|x64.Build.0 = Release|Any CPU
		{2FB08133-706E-4C88-A1CE-628096F8DA4D}.Release|x86.ActiveCfg = Release|Any CPU
		{2FB08133-706E-4C88-A1CE-628096F8DA4D}.Release|x86.Build.0 = Release|Any CPU
		{9FF87C56-5C41-4F42-A4F7-D169E3B8049A}.Debug|Any CPU.ActiveCfg = Debug|Any CPU
		{9FF87C56-5C41-4F42-A4F7-D169E3B8049A}.Debug|x64.ActiveCfg = Debug|Any CPU
		{9FF87C56-5C41-4F42-A4F7-D169E3B8049A}.Debug|x64.Build.0 = Debug|Any CPU
		{9FF87C56-5C41-4F42-A4F7-D169E3B8049A}.Debug|x86.ActiveCfg = Debug|Any CPU
		{9FF87C56-5C41-4F42-A4F7-D169E3B8049A}.Debug|x86.Build.0 = Debug|Any CPU
		{9FF87C56-5C41-4F42-A4F7-D169E3B8049A}.Release|Any CPU.ActiveCfg = Release|Any CPU
		{9FF87C56-5C41-4F42-A4F7-D169E3B8049A}.Release|Any CPU.Build.0 = Release|Any CPU
		{9FF87C56-5C41-4F42-A4F7-D169E3B8049A}.Release|x64.ActiveCfg = Release|Any CPU
		{9FF87C56-5C41-4F42-A4F7-D169E3B8049A}.Release|x64.Build.0 = Release|Any CPU
		{9FF87C56-5C41-4F42-A4F7-D169E3B8049A}.Release|x86.ActiveCfg = Release|Any CPU
		{9FF87C56-5C41-4F42-A4F7-D169E3B8049A}.Release|x86.Build.0 = Release|Any CPU
		{7FFB6BB0-67D2-42AA-B28D-1441314E4C02}.Debug|Any CPU.ActiveCfg = Debug|Any CPU
		{7FFB6BB0-67D2-42AA-B28D-1441314E4C02}.Debug|x64.ActiveCfg = Debug|Any CPU
		{7FFB6BB0-67D2-42AA-B28D-1441314E4C02}.Debug|x64.Build.0 = Debug|Any CPU
		{7FFB6BB0-67D2-42AA-B28D-1441314E4C02}.Debug|x86.ActiveCfg = Debug|Any CPU
		{7FFB6BB0-67D2-42AA-B28D-1441314E4C02}.Debug|x86.Build.0 = Debug|Any CPU
		{7FFB6BB0-67D2-42AA-B28D-1441314E4C02}.Release|Any CPU.ActiveCfg = Release|Any CPU
		{7FFB6BB0-67D2-42AA-B28D-1441314E4C02}.Release|Any CPU.Build.0 = Release|Any CPU
		{7FFB6BB0-67D2-42AA-B28D-1441314E4C02}.Release|x64.ActiveCfg = Release|Any CPU
		{7FFB6BB0-67D2-42AA-B28D-1441314E4C02}.Release|x64.Build.0 = Release|Any CPU
		{7FFB6BB0-67D2-42AA-B28D-1441314E4C02}.Release|x86.ActiveCfg = Release|Any CPU
		{7FFB6BB0-67D2-42AA-B28D-1441314E4C02}.Release|x86.Build.0 = Release|Any CPU
		{5AC6260A-99C3-4656-9E80-3D8F372C4F67}.Debug|Any CPU.ActiveCfg = Debug|Any CPU
		{5AC6260A-99C3-4656-9E80-3D8F372C4F67}.Debug|x64.ActiveCfg = Debug|Any CPU
		{5AC6260A-99C3-4656-9E80-3D8F372C4F67}.Debug|x64.Build.0 = Debug|Any CPU
		{5AC6260A-99C3-4656-9E80-3D8F372C4F67}.Debug|x86.ActiveCfg = Debug|Any CPU
		{5AC6260A-99C3-4656-9E80-3D8F372C4F67}.Debug|x86.Build.0 = Debug|Any CPU
		{5AC6260A-99C3-4656-9E80-3D8F372C4F67}.Release|Any CPU.ActiveCfg = Release|Any CPU
		{5AC6260A-99C3-4656-9E80-3D8F372C4F67}.Release|Any CPU.Build.0 = Release|Any CPU
		{5AC6260A-99C3-4656-9E80-3D8F372C4F67}.Release|x64.ActiveCfg = Release|Any CPU
		{5AC6260A-99C3-4656-9E80-3D8F372C4F67}.Release|x64.Build.0 = Release|Any CPU
		{5AC6260A-99C3-4656-9E80-3D8F372C4F67}.Release|x86.ActiveCfg = Release|Any CPU
		{5AC6260A-99C3-4656-9E80-3D8F372C4F67}.Release|x86.Build.0 = Release|Any CPU
		{9B7E12CB-2ACD-449F-A310-CCE0511CF52A}.Debug|Any CPU.ActiveCfg = Debug|Any CPU
		{9B7E12CB-2ACD-449F-A310-CCE0511CF52A}.Debug|x64.ActiveCfg = Debug|Any CPU
		{9B7E12CB-2ACD-449F-A310-CCE0511CF52A}.Debug|x64.Build.0 = Debug|Any CPU
		{9B7E12CB-2ACD-449F-A310-CCE0511CF52A}.Debug|x86.ActiveCfg = Debug|Any CPU
		{9B7E12CB-2ACD-449F-A310-CCE0511CF52A}.Debug|x86.Build.0 = Debug|Any CPU
		{9B7E12CB-2ACD-449F-A310-CCE0511CF52A}.Release|Any CPU.ActiveCfg = Release|Any CPU
		{9B7E12CB-2ACD-449F-A310-CCE0511CF52A}.Release|Any CPU.Build.0 = Release|Any CPU
		{9B7E12CB-2ACD-449F-A310-CCE0511CF52A}.Release|x64.ActiveCfg = Release|Any CPU
		{9B7E12CB-2ACD-449F-A310-CCE0511CF52A}.Release|x64.Build.0 = Release|Any CPU
		{9B7E12CB-2ACD-449F-A310-CCE0511CF52A}.Release|x86.ActiveCfg = Release|Any CPU
		{9B7E12CB-2ACD-449F-A310-CCE0511CF52A}.Release|x86.Build.0 = Release|Any CPU
		{51C33FB5-9862-490D-946C-C0EA03D9C4E3}.Debug|Any CPU.ActiveCfg = Debug|Any CPU
		{51C33FB5-9862-490D-946C-C0EA03D9C4E3}.Debug|x64.ActiveCfg = Debug|Any CPU
		{51C33FB5-9862-490D-946C-C0EA03D9C4E3}.Debug|x64.Build.0 = Debug|Any CPU
		{51C33FB5-9862-490D-946C-C0EA03D9C4E3}.Debug|x86.ActiveCfg = Debug|Any CPU
		{51C33FB5-9862-490D-946C-C0EA03D9C4E3}.Debug|x86.Build.0 = Debug|Any CPU
		{51C33FB5-9862-490D-946C-C0EA03D9C4E3}.Release|Any CPU.ActiveCfg = Release|Any CPU
		{51C33FB5-9862-490D-946C-C0EA03D9C4E3}.Release|Any CPU.Build.0 = Release|Any CPU
		{51C33FB5-9862-490D-946C-C0EA03D9C4E3}.Release|x64.ActiveCfg = Release|Any CPU
		{51C33FB5-9862-490D-946C-C0EA03D9C4E3}.Release|x64.Build.0 = Release|Any CPU
		{51C33FB5-9862-490D-946C-C0EA03D9C4E3}.Release|x86.ActiveCfg = Release|Any CPU
		{51C33FB5-9862-490D-946C-C0EA03D9C4E3}.Release|x86.Build.0 = Release|Any CPU
		{09117AB2-BCEC-461A-9A6D-CC571BCB02EA}.Debug|Any CPU.ActiveCfg = Debug|x64
		{09117AB2-BCEC-461A-9A6D-CC571BCB02EA}.Debug|x64.ActiveCfg = Debug|x64
		{09117AB2-BCEC-461A-9A6D-CC571BCB02EA}.Debug|x64.Build.0 = Debug|x64
		{09117AB2-BCEC-461A-9A6D-CC571BCB02EA}.Debug|x86.ActiveCfg = Debug|Win32
		{09117AB2-BCEC-461A-9A6D-CC571BCB02EA}.Debug|x86.Build.0 = Debug|Win32
		{09117AB2-BCEC-461A-9A6D-CC571BCB02EA}.Release|Any CPU.ActiveCfg = Release|x64
		{09117AB2-BCEC-461A-9A6D-CC571BCB02EA}.Release|Any CPU.Build.0 = Release|x64
		{09117AB2-BCEC-461A-9A6D-CC571BCB02EA}.Release|x64.ActiveCfg = Release|x64
		{09117AB2-BCEC-461A-9A6D-CC571BCB02EA}.Release|x64.Build.0 = Release|x64
		{09117AB2-BCEC-461A-9A6D-CC571BCB02EA}.Release|x86.ActiveCfg = Release|Win32
		{09117AB2-BCEC-461A-9A6D-CC571BCB02EA}.Release|x86.Build.0 = Release|Win32
		{EDAE93AC-7624-475B-AD14-BD4B89C5D24F}.Debug|Any CPU.ActiveCfg = Debug|x64
		{EDAE93AC-7624-475B-AD14-BD4B89C5D24F}.Debug|x64.ActiveCfg = Debug|x64
		{EDAE93AC-7624-475B-AD14-BD4B89C5D24F}.Debug|x64.Build.0 = Debug|x64
		{EDAE93AC-7624-475B-AD14-BD4B89C5D24F}.Debug|x86.ActiveCfg = Debug|Win32
		{EDAE93AC-7624-475B-AD14-BD4B89C5D24F}.Debug|x86.Build.0 = Debug|Win32
		{EDAE93AC-7624-475B-AD14-BD4B89C5D24F}.Release|Any CPU.ActiveCfg = Release|x64
		{EDAE93AC-7624-475B-AD14-BD4B89C5D24F}.Release|Any CPU.Build.0 = Release|x64
		{EDAE93AC-7624-475B-AD14-BD4B89C5D24F}.Release|x64.ActiveCfg = Release|x64
		{EDAE93AC-7624-475B-AD14-BD4B89C5D24F}.Release|x64.Build.0 = Release|x64
		{EDAE93AC-7624-475B-AD14-BD4B89C5D24F}.Release|x86.ActiveCfg = Release|Win32
		{EDAE93AC-7624-475B-AD14-BD4B89C5D24F}.Release|x86.Build.0 = Release|Win32
		{C690BD86-9DD3-4EFC-9887-781009C86186}.Debug|Any CPU.ActiveCfg = Debug|x64
		{C690BD86-9DD3-4EFC-9887-781009C86186}.Debug|x64.ActiveCfg = Debug|x64
		{C690BD86-9DD3-4EFC-9887-781009C86186}.Debug|x64.Build.0 = Debug|x64
		{C690BD86-9DD3-4EFC-9887-781009C86186}.Debug|x86.ActiveCfg = Debug|Win32
		{C690BD86-9DD3-4EFC-9887-781009C86186}.Debug|x86.Build.0 = Debug|Win32
		{C690BD86-9DD3-4EFC-9887-781009C86186}.Release|Any CPU.ActiveCfg = Release|x64
		{C690BD86-9DD3-4EFC-9887-781009C86186}.Release|Any CPU.Build.0 = Release|x64
		{C690BD86-9DD3-4EFC-9887-781009C86186}.Release|x64.ActiveCfg = Release|x64
		{C690BD86-9DD3-4EFC-9887-781009C86186}.Release|x64.Build.0 = Release|x64
		{C690BD86-9DD3-4EFC-9887-781009C86186}.Release|x86.ActiveCfg = Release|Win32
		{C690BD86-9DD3-4EFC-9887-781009C86186}.Release|x86.Build.0 = Release|Win32
		{C07AD658-92A5-450C-8DFF-629F2B4FDFB3}.Debug|Any CPU.ActiveCfg = Debug|x64
		{C07AD658-92A5-450C-8DFF-629F2B4FDFB3}.Debug|x64.ActiveCfg = Debug|x64
		{C07AD658-92A5-450C-8DFF-629F2B4FDFB3}.Debug|x64.Build.0 = Debug|x64
		{C07AD658-92A5-450C-8DFF-629F2B4FDFB3}.Debug|x86.ActiveCfg = Debug|Win32
		{C07AD658-92A5-450C-8DFF-629F2B4FDFB3}.Debug|x86.Build.0 = Debug|Win32
		{C07AD658-92A5-450C-8DFF-629F2B4FDFB3}.Release|Any CPU.ActiveCfg = Release|x64
		{C07AD658-92A5-450C-8DFF-629F2B4FDFB3}.Release|Any CPU.Build.0 = Release|x64
		{C07AD658-92A5-450C-8DFF-629F2B4FDFB3}.Release|x64.ActiveCfg = Release|x64
		{C07AD658-92A5-450C-8DFF-629F2B4FDFB3}.Release|x64.Build.0 = Release|x64
		{C07AD658-92A5-450C-8DFF-629F2B4FDFB3}.Release|x86.ActiveCfg = Release|Win32
		{C07AD658-92A5-450C-8DFF-629F2B4FDFB3}.Release|x86.Build.0 = Release|Win32
		{4787ACC2-F26D-47EB-9ED1-525A6D76DFC0}.Debug|Any CPU.ActiveCfg = Debug|Any CPU
		{4787ACC2-F26D-47EB-9ED1-525A6D76DFC0}.Debug|x64.ActiveCfg = Debug|Any CPU
		{4787ACC2-F26D-47EB-9ED1-525A6D76DFC0}.Debug|x64.Build.0 = Debug|Any CPU
		{4787ACC2-F26D-47EB-9ED1-525A6D76DFC0}.Debug|x86.ActiveCfg = Debug|Any CPU
		{4787ACC2-F26D-47EB-9ED1-525A6D76DFC0}.Debug|x86.Build.0 = Debug|Any CPU
		{4787ACC2-F26D-47EB-9ED1-525A6D76DFC0}.Release|Any CPU.ActiveCfg = Release|Any CPU
		{4787ACC2-F26D-47EB-9ED1-525A6D76DFC0}.Release|Any CPU.Build.0 = Release|Any CPU
		{4787ACC2-F26D-47EB-9ED1-525A6D76DFC0}.Release|x64.ActiveCfg = Release|Any CPU
		{4787ACC2-F26D-47EB-9ED1-525A6D76DFC0}.Release|x64.Build.0 = Release|Any CPU
		{4787ACC2-F26D-47EB-9ED1-525A6D76DFC0}.Release|x86.ActiveCfg = Release|Any CPU
		{4787ACC2-F26D-47EB-9ED1-525A6D76DFC0}.Release|x86.Build.0 = Release|Any CPU
		{6AF93B64-126F-40D3-AF7E-3CCE642EB460}.Debug|Any CPU.ActiveCfg = Debug|x64
		{6AF93B64-126F-40D3-AF7E-3CCE642EB460}.Debug|x64.ActiveCfg = Debug|x64
		{6AF93B64-126F-40D3-AF7E-3CCE642EB460}.Debug|x64.Build.0 = Debug|x64
		{6AF93B64-126F-40D3-AF7E-3CCE642EB460}.Debug|x86.ActiveCfg = Debug|Win32
		{6AF93B64-126F-40D3-AF7E-3CCE642EB460}.Debug|x86.Build.0 = Debug|Win32
		{6AF93B64-126F-40D3-AF7E-3CCE642EB460}.Release|Any CPU.ActiveCfg = Release|x64
		{6AF93B64-126F-40D3-AF7E-3CCE642EB460}.Release|Any CPU.Build.0 = Release|x64
		{6AF93B64-126F-40D3-AF7E-3CCE642EB460}.Release|x64.ActiveCfg = Release|x64
		{6AF93B64-126F-40D3-AF7E-3CCE642EB460}.Release|x64.Build.0 = Release|x64
		{6AF93B64-126F-40D3-AF7E-3CCE642EB460}.Release|x86.ActiveCfg = Release|Win32
		{6AF93B64-126F-40D3-AF7E-3CCE642EB460}.Release|x86.Build.0 = Release|Win32
		{9E02AFC0-B32C-406B-BD47-891999BFA021}.Debug|Any CPU.ActiveCfg = Debug|x64
		{9E02AFC0-B32C-406B-BD47-891999BFA021}.Debug|Any CPU.Build.0 = Debug|x64
		{9E02AFC0-B32C-406B-BD47-891999BFA021}.Debug|x64.ActiveCfg = Debug|x64
		{9E02AFC0-B32C-406B-BD47-891999BFA021}.Debug|x64.Build.0 = Debug|x64
		{9E02AFC0-B32C-406B-BD47-891999BFA021}.Debug|x86.ActiveCfg = Debug|Win32
		{9E02AFC0-B32C-406B-BD47-891999BFA021}.Debug|x86.Build.0 = Debug|Win32
		{9E02AFC0-B32C-406B-BD47-891999BFA021}.Release|Any CPU.ActiveCfg = Release|x64
		{9E02AFC0-B32C-406B-BD47-891999BFA021}.Release|Any CPU.Build.0 = Release|x64
		{9E02AFC0-B32C-406B-BD47-891999BFA021}.Release|x64.ActiveCfg = Release|x64
		{9E02AFC0-B32C-406B-BD47-891999BFA021}.Release|x64.Build.0 = Release|x64
		{9E02AFC0-B32C-406B-BD47-891999BFA021}.Release|x86.ActiveCfg = Release|Win32
		{9E02AFC0-B32C-406B-BD47-891999BFA021}.Release|x86.Build.0 = Release|Win32
	EndGlobalSection
	GlobalSection(SolutionProperties) = preSolution
		HideSolutionNode = FALSE
	EndGlobalSection
	GlobalSection(NestedProjects) = preSolution
		{0F1A373C-2115-4538-BFC3-A9F3B8F01EF3} = {EE12D9D1-53E5-4CD0-A8DE-E31CAD82089E}
		{400176D5-D2AF-4EE2-AAFE-8A079AE43420} = {EE12D9D1-53E5-4CD0-A8DE-E31CAD82089E}
		{2FB08133-706E-4C88-A1CE-628096F8DA4D} = {EE12D9D1-53E5-4CD0-A8DE-E31CAD82089E}
		{9FF87C56-5C41-4F42-A4F7-D169E3B8049A} = {49B0E53F-5295-44B3-8582-6CFD0BF17F4C}
		{7FFB6BB0-67D2-42AA-B28D-1441314E4C02} = {49B0E53F-5295-44B3-8582-6CFD0BF17F4C}
		{5AC6260A-99C3-4656-9E80-3D8F372C4F67} = {49B0E53F-5295-44B3-8582-6CFD0BF17F4C}
		{9B7E12CB-2ACD-449F-A310-CCE0511CF52A} = {49B0E53F-5295-44B3-8582-6CFD0BF17F4C}
		{51C33FB5-9862-490D-946C-C0EA03D9C4E3} = {49B0E53F-5295-44B3-8582-6CFD0BF17F4C}
		{09117AB2-BCEC-461A-9A6D-CC571BCB02EA} = {EE12D9D1-53E5-4CD0-A8DE-E31CAD82089E}
		{EDAE93AC-7624-475B-AD14-BD4B89C5D24F} = {EE12D9D1-53E5-4CD0-A8DE-E31CAD82089E}
		{C690BD86-9DD3-4EFC-9887-781009C86186} = {EE12D9D1-53E5-4CD0-A8DE-E31CAD82089E}
		{C07AD658-92A5-450C-8DFF-629F2B4FDFB3} = {EE12D9D1-53E5-4CD0-A8DE-E31CAD82089E}
		{D5ACDAC8-EE15-44ED-B61E-ABCC673D1334} = {49B0E53F-5295-44B3-8582-6CFD0BF17F4C}
		{4787ACC2-F26D-47EB-9ED1-525A6D76DFC0} = {D5ACDAC8-EE15-44ED-B61E-ABCC673D1334}
		{6AF93B64-126F-40D3-AF7E-3CCE642EB460} = {D5ACDAC8-EE15-44ED-B61E-ABCC673D1334}
		{9E02AFC0-B32C-406B-BD47-891999BFA021} = {EE12D9D1-53E5-4CD0-A8DE-E31CAD82089E}
	EndGlobalSection
	GlobalSection(ExtensibilityGlobals) = postSolution
		SolutionGuid = {0D5F9A23-F5DA-4642-9AF6-BB08008223B1}
	EndGlobalSection
EndGlobal
