<?xml version="1.0" encoding="utf-8"?>
<Project ToolsVersion="4.0" xmlns="http://schemas.microsoft.com/developer/msbuild/2003">
  <ItemGroup>
    <ClCompile Include="..\oop2\Student.cpp" />
    <ClCompile Include="..\oop2\main.cpp" />
    <ClCompile Include="..\oop2\Man.cpp" />
    <ClCompile Include="..\oop2\StudentService.cpp" />
  </ItemGroup>
  <ItemGroup>
    <ClInclude Include="..\oop2\StudentService.h" />
  </ItemGroup>
</Project>